
Microsoft Visual Studio Solution File, Format Version 12.00
# Visual Studio Version 17
VisualStudioVersion = 17.0.31919.166
MinimumVisualStudioVersion = 10.0.40219.1
Project("{9A19103F-16F7-4668-BE54-9A1E7A4F7556}") = "WebCollection", "WebCollection.csproj", "{3C1A83B3-40A5-45C9-99A5-669F4957B31A}"
EndProject
Global
	GlobalSection(SolutionConfigurationPlatforms) = preSolution
		Debug|Any CPU = Debug|Any CPU
		Release|Any CPU = Release|Any CPU
	EndGlobalSection
	GlobalSection(ProjectConfigurationPlatforms) = postSolution
		{3C1A83B3-40A5-45C9-99A5-669F4957B31A}.Debug|Any CPU.ActiveCfg = Debug|Any CPU
		{3C1A83B3-40A5-45C9-99A5-669F4957B31A}.Debug|Any CPU.Build.0 = Debug|Any CPU
		{3C1A83B3-40A5-45C9-99A5-669F4957B31A}.Release|Any CPU.ActiveCfg = Release|Any CPU
		{3C1A83B3-40A5-45C9-99A5-669F4957B31A}.Release|Any CPU.Build.0 = Release|Any CPU
	EndGlobalSection
	GlobalSection(SolutionProperties) = preSolution
		HideSolutionNode = FALSE
	EndGlobalSection
	GlobalSection(ExtensibilityGlobals) = postSolution
		SolutionGuid = {0D3996FC-B8AB-4069-91C7-A6D1AAD79AE6}
	EndGlobalSection
EndGlobal
